{
  "name": "coordsgen",
  "version": "1.0.0",
  "lockfileVersion": 3,
  "requires": true,
  "packages": {
    "": {
      "name": "coordsgen",
      "version": "1.0.0",
      "license": "ISC",
      "dependencies": {
        "geohashing": "^2.0.1",
        "random-js": "^2.1.0"
      },
      "engines": {
        "node": ">=18.0.0 <=20.0.0"
      }
    },
    "node_modules/geohashing": {
      "version": "2.0.1",
      "resolved": "https://registry.npmjs.org/geohashing/-/geohashing-2.0.1.tgz",
      "integrity": "sha512-u0H29yhqHEyBBgwv1GJrvqbD33AnQm2lbWOLNbXLZEWVrCKNoblyiWWnVGeYGaM4NNM7rBBTqvJZhZ/CDfrBVw==",
      "license": "MIT"
    },
    "node_modules/random-js": {
      "version": "2.1.0",
      "resolved": "https://registry.npmjs.org/random-js/-/random-js-2.1.0.tgz",
      "integrity": "sha512-CRUyWmnzmZBA7RZSVGq0xMqmgCyPPxbiKNLFA5ud7KenojVX2s7Gv+V7eB52beKTPGxWRnVZ7D/tCIgYJJ8vNQ=="
    }
  }
}
